
Microsoft Visual Studio Solution File, Format Version 11.00
# Visual Studio 2010
Project("{FAE04EC0-301F-11D3-BF4B-00C04F79EFBC}") = "CalculadoraEstFinanc", "CalculadoraEstFinanc\CalculadoraEstFinanc.csproj", "{0CEF6749-A5D5-4F94-A9D0-963B805BAF1A}"
EndProject
Global
	GlobalSection(SolutionConfigurationPlatforms) = preSolution
		Debug|x86 = Debug|x86
		Release|x86 = Release|x86
	EndGlobalSection
	GlobalSection(ProjectConfigurationPlatforms) = postSolution
		{0CEF6749-A5D5-4F94-A9D0-963B805BAF1A}.Debug|x86.ActiveCfg = Debug|x86
		{0CEF6749-A5D5-4F94-A9D0-963B805BAF1A}.Debug|x86.Build.0 = Debug|x86
		{0CEF6749-A5D5-4F94-A9D0-963B805BAF1A}.Release|x86.ActiveCfg = Release|x86
		{0CEF6749-A5D5-4F94-A9D0-963B805BAF1A}.Release|x86.Build.0 = Release|x86
	EndGlobalSection
	GlobalSection(SolutionProperties) = preSolution
		HideSolutionNode = FALSE
	EndGlobalSection
EndGlobal
